// !$*UTF8*$!
{
	archiveVersion = 1;
	classes = {
	};
	objectVersion = 50;
	objects = {

/* Begin PBXBuildFile section */
		3E5A8F91204EB479AE7F8E42 /* Pods_SwiftAssignment_SwiftAssignmentUITests.framework in Frameworks */ = {isa = PBXBuildFile; fileRef = FE7E8331B1F9D3CB36AB7B41 /* Pods_SwiftAssignment_SwiftAssignmentUITests.framework */; };
		52C47CB12664E920009E79BF /* AppDelegate.swift in Sources */ = {isa = PBXBuildFile; fileRef = 52C47CB02664E920009E79BF /* AppDelegate.swift */; };
		52C47CB52664E920009E79BF /* ViewController.swift in Sources */ = {isa = PBXBuildFile; fileRef = 52C47CB42664E920009E79BF /* ViewController.swift */; };
		52C47CBA2664E921009E79BF /* Assets.xcassets in Resources */ = {isa = PBXBuildFile; fileRef = 52C47CB92664E921009E79BF /* Assets.xcassets */; };
		52C47CBD2664E921009E79BF /* LaunchScreen.storyboard in Resources */ = {isa = PBXBuildFile; fileRef = 52C47CBB2664E921009E79BF /* LaunchScreen.storyboard */; };
		52C47CC82664E922009E79BF /* SwiftAssignmentTests.swift in Sources */ = {isa = PBXBuildFile; fileRef = 52C47CC72664E922009E79BF /* SwiftAssignmentTests.swift */; };
		52C47CD32664E922009E79BF /* SwiftAssignmentUITests.swift in Sources */ = {isa = PBXBuildFile; fileRef = 52C47CD22664E922009E79BF /* SwiftAssignmentUITests.swift */; };
		52C47CF826650507009E79BF /* ViewExtension.swift in Sources */ = {isa = PBXBuildFile; fileRef = 52C47CF726650507009E79BF /* ViewExtension.swift */; };
		52C47D0026650575009E79BF /* DataViewModel.swift in Sources */ = {isa = PBXBuildFile; fileRef = 52C47CFF26650575009E79BF /* DataViewModel.swift */; };
		52C47D052665067A009E79BF /* MyCustomCell.swift in Sources */ = {isa = PBXBuildFile; fileRef = 52C47D042665067A009E79BF /* MyCustomCell.swift */; };
		52C47D0D26650710009E79BF /* DataModel.swift in Sources */ = {isa = PBXBuildFile; fileRef = 52C47D0C26650710009E79BF /* DataModel.swift */; };
		52C47D1226650C21009E79BF /* APIHandler.swift in Sources */ = {isa = PBXBuildFile; fileRef = 52C47D1126650C21009E79BF /* APIHandler.swift */; };
		52C47D1726650C60009E79BF /* Constants.swift in Sources */ = {isa = PBXBuildFile; fileRef = 52C47D1626650C60009E79BF /* Constants.swift */; };
		52C47D1C2665354B009E79BF /* ImageExtension.swift in Sources */ = {isa = PBXBuildFile; fileRef = 52C47D1B2665354B009E79BF /* ImageExtension.swift */; };
		555B0932AE624A2F26F8AF5A /* Pods_SwiftAssignment.framework in Frameworks */ = {isa = PBXBuildFile; fileRef = 76F28ECFC8093FA5CCAF99AE /* Pods_SwiftAssignment.framework */; };
		D155C0B4B20E5F1DDE717D9C /* Pods_SwiftAssignmentTests.framework in Frameworks */ = {isa = PBXBuildFile; fileRef = E318A3F972C3BCEDF8599025 /* Pods_SwiftAssignmentTests.framework */; };
/* End PBXBuildFile section */

/* Begin PBXContainerItemProxy section */
		52C47CC42664E922009E79BF /* PBXContainerItemProxy */ = {
			isa = PBXContainerItemProxy;
			containerPortal = 52C47CA52664E920009E79BF /* Project object */;
			proxyType = 1;
			remoteGlobalIDString = 52C47CAC2664E920009E79BF;
			remoteInfo = SwiftAssignment;
		};
		52C47CCF2664E922009E79BF /* PBXContainerItemProxy */ = {
			isa = PBXContainerItemProxy;
			containerPortal = 52C47CA52664E920009E79BF /* Project object */;
			proxyType = 1;
			remoteGlobalIDString = 52C47CAC2664E920009E79BF;
			remoteInfo = SwiftAssignment;
		};
/* End PBXContainerItemProxy section */

/* Begin PBXFileReference section */
		344D1786A7DD5901945F2605 /* Pods-SwiftAssignment.debug.xcconfig */ = {isa = PBXFileReference; includeInIndex = 1; lastKnownFileType = text.xcconfig; name = "Pods-SwiftAssignment.debug.xcconfig"; path = "Target Support Files/Pods-SwiftAssignment/Pods-SwiftAssignment.debug.xcconfig"; sourceTree = "<group>"; };
		52C47CAD2664E920009E79BF /* SwiftAssignment.app */ = {isa = PBXFileReference; explicitFileType = wrapper.application; includeInIndex = 0; path = SwiftAssignment.app; sourceTree = BUILT_PRODUCTS_DIR; };
		52C47CB02664E920009E79BF /* AppDelegate.swift */ = {isa = PBXFileReference; lastKnownFileType = sourcecode.swift; path = AppDelegate.swift; sourceTree = "<group>"; };
		52C47CB42664E920009E79BF /* ViewController.swift */ = {isa = PBXFileReference; lastKnownFileType = sourcecode.swift; path = ViewController.swift; sourceTree = "<group>"; };
		52C47CB92664E921009E79BF /* Assets.xcassets */ = {isa = PBXFileReference; lastKnownFileType = folder.assetcatalog; path = Assets.xcassets; sourceTree = "<group>"; };
		52C47CBC2664E921009E79BF /* Base */ = {isa = PBXFileReference; lastKnownFileType = file.storyboard; name = Base; path = Base.lproj/LaunchScreen.storyboard; sourceTree = "<group>"; };
		52C47CBE2664E921009E79BF /* Info.plist */ = {isa = PBXFileReference; lastKnownFileType = text.plist.xml; path = Info.plist; sourceTree = "<group>"; };
		52C47CC32664E922009E79BF /* SwiftAssignmentTests.xctest */ = {isa = PBXFileReference; explicitFileType = wrapper.cfbundle; includeInIndex = 0; path = SwiftAssignmentTests.xctest; sourceTree = BUILT_PRODUCTS_DIR; };
		52C47CC72664E922009E79BF /* SwiftAssignmentTests.swift */ = {isa = PBXFileReference; lastKnownFileType = sourcecode.swift; path = SwiftAssignmentTests.swift; sourceTree = "<group>"; };
		52C47CC92664E922009E79BF /* Info.plist */ = {isa = PBXFileReference; lastKnownFileType = text.plist.xml; path = Info.plist; sourceTree = "<group>"; };
		52C47CCE2664E922009E79BF /* SwiftAssignmentUITests.xctest */ = {isa = PBXFileReference; explicitFileType = wrapper.cfbundle; includeInIndex = 0; path = SwiftAssignmentUITests.xctest; sourceTree = BUILT_PRODUCTS_DIR; };
		52C47CD22664E922009E79BF /* SwiftAssignmentUITests.swift */ = {isa = PBXFileReference; lastKnownFileType = sourcecode.swift; path = SwiftAssignmentUITests.swift; sourceTree = "<group>"; };
		52C47CD42664E922009E79BF /* Info.plist */ = {isa = PBXFileReference; lastKnownFileType = text.plist.xml; path = Info.plist; sourceTree = "<group>"; };
		52C47CF726650507009E79BF /* ViewExtension.swift */ = {isa = PBXFileReference; lastKnownFileType = sourcecode.swift; path = ViewExtension.swift; sourceTree = "<group>"; };
		52C47CFF26650575009E79BF /* DataViewModel.swift */ = {isa = PBXFileReference; lastKnownFileType = sourcecode.swift; path = DataViewModel.swift; sourceTree = "<group>"; };
		52C47D042665067A009E79BF /* MyCustomCell.swift */ = {isa = PBXFileReference; lastKnownFileType = sourcecode.swift; path = MyCustomCell.swift; sourceTree = "<group>"; };
		52C47D0C26650710009E79BF /* DataModel.swift */ = {isa = PBXFileReference; lastKnownFileType = sourcecode.swift; path = DataModel.swift; sourceTree = "<group>"; };
		52C47D1126650C21009E79BF /* APIHandler.swift */ = {isa = PBXFileReference; lastKnownFileType = sourcecode.swift; path = APIHandler.swift; sourceTree = "<group>"; };
		52C47D1626650C60009E79BF /* Constants.swift */ = {isa = PBXFileReference; lastKnownFileType = sourcecode.swift; path = Constants.swift; sourceTree = "<group>"; };
		52C47D1B2665354B009E79BF /* ImageExtension.swift */ = {isa = PBXFileReference; lastKnownFileType = sourcecode.swift; path = ImageExtension.swift; sourceTree = "<group>"; };
		65EDEF3EFF0986E340CFDA97 /* Pods-SwiftAssignment.release.xcconfig */ = {isa = PBXFileReference; includeInIndex = 1; lastKnownFileType = text.xcconfig; name = "Pods-SwiftAssignment.release.xcconfig"; path = "Target Support Files/Pods-SwiftAssignment/Pods-SwiftAssignment.release.xcconfig"; sourceTree = "<group>"; };
		76F28ECFC8093FA5CCAF99AE /* Pods_SwiftAssignment.framework */ = {isa = PBXFileReference; explicitFileType = wrapper.framework; includeInIndex = 0; path = Pods_SwiftAssignment.framework; sourceTree = BUILT_PRODUCTS_DIR; };
		8F1EF674032D7DA8507B3571 /* Pods-SwiftAssignment-SwiftAssignmentUITests.debug.xcconfig */ = {isa = PBXFileReference; includeInIndex = 1; lastKnownFileType = text.xcconfig; name = "Pods-SwiftAssignment-SwiftAssignmentUITests.debug.xcconfig"; path = "Target Support Files/Pods-SwiftAssignment-SwiftAssignmentUITests/Pods-SwiftAssignment-SwiftAssignmentUITests.debug.xcconfig"; sourceTree = "<group>"; };
		B026FE9A22F82FD4CB0F6D06 /* Pods-SwiftAssignmentTests.release.xcconfig */ = {isa = PBXFileReference; includeInIndex = 1; lastKnownFileType = text.xcconfig; name = "Pods-SwiftAssignmentTests.release.xcconfig"; path = "Target Support Files/Pods-SwiftAssignmentTests/Pods-SwiftAssignmentTests.release.xcconfig"; sourceTree = "<group>"; };
		B0DE39934F00781B8C7CD388 /* Pods-SwiftAssignmentTests.debug.xcconfig */ = {isa = PBXFileReference; includeInIndex = 1; lastKnownFileType = text.xcconfig; name = "Pods-SwiftAssignmentTests.debug.xcconfig"; path = "Target Support Files/Pods-SwiftAssignmentTests/Pods-SwiftAssignmentTests.debug.xcconfig"; sourceTree = "<group>"; };
		DC05536C51246055FCA0B9B4 /* Pods-SwiftAssignment-SwiftAssignmentUITests.release.xcconfig */ = {isa = PBXFileReference; includeInIndex = 1; lastKnownFileType = text.xcconfig; name = "Pods-SwiftAssignment-SwiftAssignmentUITests.release.xcconfig"; path = "Target Support Files/Pods-SwiftAssignment-SwiftAssignmentUITests/Pods-SwiftAssignment-SwiftAssignmentUITests.release.xcconfig"; sourceTree = "<group>"; };
		E318A3F972C3BCEDF8599025 /* Pods_SwiftAssignmentTests.framework */ = {isa = PBXFileReference; explicitFileType = wrapper.framework; includeInIndex = 0; path = Pods_SwiftAssignmentTests.framework; sourceTree = BUILT_PRODUCTS_DIR; };
		FE7E8331B1F9D3CB36AB7B41 /* Pods_SwiftAssignment_SwiftAssignmentUITests.framework */ = {isa = PBXFileReference; explicitFileType = wrapper.framework; includeInIndex = 0; path = Pods_SwiftAssignment_SwiftAssignmentUITests.framework; sourceTree = BUILT_PRODUCTS_DIR; };
/* End PBXFileReference section */

/* Begin PBXFrameworksBuildPhase section */
		52C47CAA2664E920009E79BF /* Frameworks */ = {
			isa = PBXFrameworksBuildPhase;
			buildActionMask = 2147483647;
			files = (
				555B0932AE624A2F26F8AF5A /* Pods_SwiftAssignment.framework in Frameworks */,
			);
			runOnlyForDeploymentPostprocessing = 0;
		};
		52C47CC02664E922009E79BF /* Frameworks */ = {
			isa = PBXFrameworksBuildPhase;
			buildActionMask = 2147483647;
			files = (
				D155C0B4B20E5F1DDE717D9C /* Pods_SwiftAssignmentTests.framework in Frameworks */,
			);
			runOnlyForDeploymentPostprocessing = 0;
		};
		52C47CCB2664E922009E79BF /* Frameworks */ = {
			isa = PBXFrameworksBuildPhase;
			buildActionMask = 2147483647;
			files = (
				3E5A8F91204EB479AE7F8E42 /* Pods_SwiftAssignment_SwiftAssignmentUITests.framework in Frameworks */,
			);
			runOnlyForDeploymentPostprocessing = 0;
		};
/* End PBXFrameworksBuildPhase section */

/* Begin PBXGroup section */
		13BFAC2F9981420294153E8E /* Pods */ = {
			isa = PBXGroup;
			children = (
				344D1786A7DD5901945F2605 /* Pods-SwiftAssignment.debug.xcconfig */,
				65EDEF3EFF0986E340CFDA97 /* Pods-SwiftAssignment.release.xcconfig */,
				8F1EF674032D7DA8507B3571 /* Pods-SwiftAssignment-SwiftAssignmentUITests.debug.xcconfig */,
				DC05536C51246055FCA0B9B4 /* Pods-SwiftAssignment-SwiftAssignmentUITests.release.xcconfig */,
				B0DE39934F00781B8C7CD388 /* Pods-SwiftAssignmentTests.debug.xcconfig */,
				B026FE9A22F82FD4CB0F6D06 /* Pods-SwiftAssignmentTests.release.xcconfig */,
			);
			name = Pods;
			path = Pods;
			sourceTree = "<group>";
		};
		52C47CA42664E920009E79BF = {
			isa = PBXGroup;
			children = (
				52C47CAF2664E920009E79BF /* SwiftAssignment */,
				52C47CC62664E922009E79BF /* SwiftAssignmentTests */,
				52C47CD12664E922009E79BF /* SwiftAssignmentUITests */,
				52C47CAE2664E920009E79BF /* Products */,
				13BFAC2F9981420294153E8E /* Pods */,
				F2945C41A820C3B1891B9FEE /* Frameworks */,
			);
			sourceTree = "<group>";
		};
		52C47CAE2664E920009E79BF /* Products */ = {
			isa = PBXGroup;
			children = (
				52C47CAD2664E920009E79BF /* SwiftAssignment.app */,
				52C47CC32664E922009E79BF /* SwiftAssignmentTests.xctest */,
				52C47CCE2664E922009E79BF /* SwiftAssignmentUITests.xctest */,
			);
			name = Products;
			sourceTree = "<group>";
		};
		52C47CAF2664E920009E79BF /* SwiftAssignment */ = {
			isa = PBXGroup;
			children = (
				52C47CF626650499009E79BF /* Utilities */,
				52C47CF52665048E009E79BF /* Model */,
				52C47CF426650487009E79BF /* View */,
				52C47CF32665047C009E79BF /* ViewModel */,
				52C47CF226650472009E79BF /* Service */,
				52C47CB02664E920009E79BF /* AppDelegate.swift */,
				52C47CB92664E921009E79BF /* Assets.xcassets */,
				52C47CBB2664E921009E79BF /* LaunchScreen.storyboard */,
				52C47CBE2664E921009E79BF /* Info.plist */,
			);
			path = SwiftAssignment;
			sourceTree = "<group>";
		};
		52C47CC62664E922009E79BF /* SwiftAssignmentTests */ = {
			isa = PBXGroup;
			children = (
				52C47CC72664E922009E79BF /* SwiftAssignmentTests.swift */,
				52C47CC92664E922009E79BF /* Info.plist */,
			);
			path = SwiftAssignmentTests;
			sourceTree = "<group>";
		};
		52C47CD12664E922009E79BF /* SwiftAssignmentUITests */ = {
			isa = PBXGroup;
			children = (
				52C47CD22664E922009E79BF /* SwiftAssignmentUITests.swift */,
				52C47CD42664E922009E79BF /* Info.plist */,
			);
			path = SwiftAssignmentUITests;
			sourceTree = "<group>";
		};
		52C47CF226650472009E79BF /* Service */ = {
			isa = PBXGroup;
			children = (
				52C47D1126650C21009E79BF /* APIHandler.swift */,
			);
			path = Service;
			sourceTree = "<group>";
		};
		52C47CF32665047C009E79BF /* ViewModel */ = {
			isa = PBXGroup;
			children = (
				52C47CFF26650575009E79BF /* DataViewModel.swift */,
			);
			path = ViewModel;
			sourceTree = "<group>";
		};
		52C47CF426650487009E79BF /* View */ = {
			isa = PBXGroup;
			children = (
				52C47CB42664E920009E79BF /* ViewController.swift */,
				52C47D042665067A009E79BF /* MyCustomCell.swift */,
			);
			path = View;
			sourceTree = "<group>";
		};
		52C47CF52665048E009E79BF /* Model */ = {
			isa = PBXGroup;
			children = (
				52C47D0C26650710009E79BF /* DataModel.swift */,
			);
			path = Model;
			sourceTree = "<group>";
		};
		52C47CF626650499009E79BF /* Utilities */ = {
			isa = PBXGroup;
			children = (
				52C47CF726650507009E79BF /* ViewExtension.swift */,
				52C47D1626650C60009E79BF /* Constants.swift */,
				52C47D1B2665354B009E79BF /* ImageExtension.swift */,
			);
			path = Utilities;
			sourceTree = "<group>";
		};
		F2945C41A820C3B1891B9FEE /* Frameworks */ = {
			isa = PBXGroup;
			children = (
				76F28ECFC8093FA5CCAF99AE /* Pods_SwiftAssignment.framework */,
				FE7E8331B1F9D3CB36AB7B41 /* Pods_SwiftAssignment_SwiftAssignmentUITests.framework */,
				E318A3F972C3BCEDF8599025 /* Pods_SwiftAssignmentTests.framework */,
			);
			name = Frameworks;
			sourceTree = "<group>";
		};
/* End PBXGroup section */

/* Begin PBXNativeTarget section */
		52C47CAC2664E920009E79BF /* SwiftAssignment */ = {
			isa = PBXNativeTarget;
			buildConfigurationList = 52C47CD72664E922009E79BF /* Build configuration list for PBXNativeTarget "SwiftAssignment" */;
			buildPhases = (
				C2B3F7638DC46BDC8D8884D5 /* [CP] Check Pods Manifest.lock */,
				52C47CA92664E920009E79BF /* Sources */,
				52C47CAA2664E920009E79BF /* Frameworks */,
				52C47CAB2664E920009E79BF /* Resources */,
				BE4048F296FE73C3964BAB4D /* [CP] Embed Pods Frameworks */,
			);
			buildRules = (
			);
			dependencies = (
			);
			name = SwiftAssignment;
			productName = SwiftAssignment;
			productReference = 52C47CAD2664E920009E79BF /* SwiftAssignment.app */;
			productType = "com.apple.product-type.application";
		};
		52C47CC22664E922009E79BF /* SwiftAssignmentTests */ = {
			isa = PBXNativeTarget;
			buildConfigurationList = 52C47CDA2664E922009E79BF /* Build configuration list for PBXNativeTarget "SwiftAssignmentTests" */;
			buildPhases = (
				D64E6A05843DD515D2F4C05C /* [CP] Check Pods Manifest.lock */,
				52C47CBF2664E922009E79BF /* Sources */,
				52C47CC02664E922009E79BF /* Frameworks */,
				52C47CC12664E922009E79BF /* Resources */,
			);
			buildRules = (
			);
			dependencies = (
				52C47CC52664E922009E79BF /* PBXTargetDependency */,
			);
			name = SwiftAssignmentTests;
			productName = SwiftAssignmentTests;
			productReference = 52C47CC32664E922009E79BF /* SwiftAssignmentTests.xctest */;
			productType = "com.apple.product-type.bundle.unit-test";
		};
		52C47CCD2664E922009E79BF /* SwiftAssignmentUITests */ = {
			isa = PBXNativeTarget;
			buildConfigurationList = 52C47CDD2664E922009E79BF /* Build configuration list for PBXNativeTarget "SwiftAssignmentUITests" */;
			buildPhases = (
				79F0D01CF9DA975B23FE924D /* [CP] Check Pods Manifest.lock */,
				52C47CCA2664E922009E79BF /* Sources */,
				52C47CCB2664E922009E79BF /* Frameworks */,
				52C47CCC2664E922009E79BF /* Resources */,
				F7D54B80ABF17C94EFDD45A5 /* [CP] Embed Pods Frameworks */,
			);
			buildRules = (
			);
			dependencies = (
				52C47CD02664E922009E79BF /* PBXTargetDependency */,
			);
			name = SwiftAssignmentUITests;
			productName = SwiftAssignmentUITests;
			productReference = 52C47CCE2664E922009E79BF /* SwiftAssignmentUITests.xctest */;
			productType = "com.apple.product-type.bundle.ui-testing";
		};
/* End PBXNativeTarget section */

/* Begin PBXProject section */
		52C47CA52664E920009E79BF /* Project object */ = {
			isa = PBXProject;
			attributes = {
				LastSwiftUpdateCheck = 1240;
				LastUpgradeCheck = 1240;
				TargetAttributes = {
					52C47CAC2664E920009E79BF = {
						CreatedOnToolsVersion = 12.4;
					};
					52C47CC22664E922009E79BF = {
						CreatedOnToolsVersion = 12.4;
						TestTargetID = 52C47CAC2664E920009E79BF;
					};
					52C47CCD2664E922009E79BF = {
						CreatedOnToolsVersion = 12.4;
						TestTargetID = 52C47CAC2664E920009E79BF;
					};
				};
			};
			buildConfigurationList = 52C47CA82664E920009E79BF /* Build configuration list for PBXProject "SwiftAssignment" */;
			compatibilityVersion = "Xcode 9.3";
			developmentRegion = en;
			hasScannedForEncodings = 0;
			knownRegions = (
				en,
				Base,
			);
			mainGroup = 52C47CA42664E920009E79BF;
			productRefGroup = 52C47CAE2664E920009E79BF /* Products */;
			projectDirPath = "";
			projectRoot = "";
			targets = (
				52C47CAC2664E920009E79BF /* SwiftAssignment */,
				52C47CC22664E922009E79BF /* SwiftAssignmentTests */,
				52C47CCD2664E922009E79BF /* SwiftAssignmentUITests */,
			);
		};
/* End PBXProject section */

/* Begin PBXResourcesBuildPhase section */
		52C47CAB2664E920009E79BF /* Resources */ = {
			isa = PBXResourcesBuildPhase;
			buildActionMask = 2147483647;
			files = (
				52C47CBD2664E921009E79BF /* LaunchScreen.storyboard in Resources */,
				52C47CBA2664E921009E79BF /* Assets.xcassets in Resources */,
			);
			runOnlyForDeploymentPostprocessing = 0;
		};
		52C47CC12664E922009E79BF /* Resources */ = {
			isa = PBXResourcesBuildPhase;
			buildActionMask = 2147483647;
			files = (
			);
			runOnlyForDeploymentPostprocessing = 0;
		};
		52C47CCC2664E922009E79BF /* Resources */ = {
			isa = PBXResourcesBuildPhase;
			buildActionMask = 2147483647;
			files = (
			);
			runOnlyForDeploymentPostprocessing = 0;
		};
/* End PBXResourcesBuildPhase section */

/* Begin PBXShellScriptBuildPhase section */
		79F0D01CF9DA975B23FE924D /* [CP] Check Pods Manifest.lock */ = {
			isa = PBXShellScriptBuildPhase;
			buildActionMask = 2147483647;
			files = (
			);
			inputFileListPaths = (
			);
			inputPaths = (
				"${PODS_PODFILE_DIR_PATH}/Podfile.lock",
				"${PODS_ROOT}/Manifest.lock",
			);
			name = "[CP] Check Pods Manifest.lock";
			outputFileListPaths = (
			);
			outputPaths = (
				"$(DERIVED_FILE_DIR)/Pods-SwiftAssignment-SwiftAssignmentUITests-checkManifestLockResult.txt",
			);
			runOnlyForDeploymentPostprocessing = 0;
			shellPath = /bin/sh;
			shellScript = "diff \"${PODS_PODFILE_DIR_PATH}/Podfile.lock\" \"${PODS_ROOT}/Manifest.lock\" > /dev/null\nif [ $? != 0 ] ; then\n    # print error to STDERR\n    echo \"error: The sandbox is not in sync with the Podfile.lock. Run 'pod install' or update your CocoaPods installation.\" >&2\n    exit 1\nfi\n# This output is used by Xcode 'outputs' to avoid re-running this script phase.\necho \"SUCCESS\" > \"${SCRIPT_OUTPUT_FILE_0}\"\n";
			showEnvVarsInLog = 0;
		};
		BE4048F296FE73C3964BAB4D /* [CP] Embed Pods Frameworks */ = {
			isa = PBXShellScriptBuildPhase;
			buildActionMask = 2147483647;
			files = (
			);
			inputFileListPaths = (
				"${PODS_ROOT}/Target Support Files/Pods-SwiftAssignment/Pods-SwiftAssignment-frameworks-${CONFIGURATION}-input-files.xcfilelist",
			);
			name = "[CP] Embed Pods Frameworks";
			outputFileListPaths = (
				"${PODS_ROOT}/Target Support Files/Pods-SwiftAssignment/Pods-SwiftAssignment-frameworks-${CONFIGURATION}-output-files.xcfilelist",
			);
			runOnlyForDeploymentPostprocessing = 0;
			shellPath = /bin/sh;
			shellScript = "\"${PODS_ROOT}/Target Support Files/Pods-SwiftAssignment/Pods-SwiftAssignment-frameworks.sh\"\n";
			showEnvVarsInLog = 0;
		};
		C2B3F7638DC46BDC8D8884D5 /* [CP] Check Pods Manifest.lock */ = {
			isa = PBXShellScriptBuildPhase;
			buildActionMask = 2147483647;
			files = (
			);
			inputFileListPaths = (
			);
			inputPaths = (
				"${PODS_PODFILE_DIR_PATH}/Podfile.lock",
				"${PODS_ROOT}/Manifest.lock",
			);
			name = "[CP] Check Pods Manifest.lock";
			outputFileListPaths = (
			);
			outputPaths = (
				"$(DERIVED_FILE_DIR)/Pods-SwiftAssignment-checkManifestLockResult.txt",
			);
			runOnlyForDeploymentPostprocessing = 0;
			shellPath = /bin/sh;
			shellScript = "diff \"${PODS_PODFILE_DIR_PATH}/Podfile.lock\" \"${PODS_ROOT}/Manifest.lock\" > /dev/null\nif [ $? != 0 ] ; then\n    # print error to STDERR\n    echo \"error: The sandbox is not in sync with the Podfile.lock. Run 'pod install' or update your CocoaPods installation.\" >&2\n    exit 1\nfi\n# This output is used by Xcode 'outputs' to avoid re-running this script phase.\necho \"SUCCESS\" > \"${SCRIPT_OUTPUT_FILE_0}\"\n";
			showEnvVarsInLog = 0;
		};
		D64E6A05843DD515D2F4C05C /* [CP] Check Pods Manifest.lock */ = {
			isa = PBXShellScriptBuildPhase;
			buildActionMask = 2147483647;
			files = (
			);
			inputFileListPaths = (
			);
			inputPaths = (
				"${PODS_PODFILE_DIR_PATH}/Podfile.lock",
				"${PODS_ROOT}/Manifest.lock",
			);
			name = "[CP] Check Pods Manifest.lock";
			outputFileListPaths = (
			);
			outputPaths = (
				"$(DERIVED_FILE_DIR)/Pods-SwiftAssignmentTests-checkManifestLockResult.txt",
			);
			runOnlyForDeploymentPostprocessing = 0;
			shellPath = /bin/sh;
			shellScript = "diff \"${PODS_PODFILE_DIR_PATH}/Podfile.lock\" \"${PODS_ROOT}/Manifest.lock\" > /dev/null\nif [ $? != 0 ] ; then\n    # print error to STDERR\n    echo \"error: The sandbox is not in sync with the Podfile.lock. Run 'pod install' or update your CocoaPods installation.\" >&2\n    exit 1\nfi\n# This output is used by Xcode 'outputs' to avoid re-running this script phase.\necho \"SUCCESS\" > \"${SCRIPT_OUTPUT_FILE_0}\"\n";
			showEnvVarsInLog = 0;
		};
		F7D54B80ABF17C94EFDD45A5 /* [CP] Embed Pods Frameworks */ = {
			isa = PBXShellScriptBuildPhase;
			buildActionMask = 2147483647;
			files = (
			);
			inputFileListPaths = (
				"${PODS_ROOT}/Target Support Files/Pods-SwiftAssignment-SwiftAssignmentUITests/Pods-SwiftAssignment-SwiftAssignmentUITests-frameworks-${CONFIGURATION}-input-files.xcfilelist",
			);
			name = "[CP] Embed Pods Frameworks";
			outputFileListPaths = (
				"${PODS_ROOT}/Target Support Files/Pods-SwiftAssignment-SwiftAssignmentUITests/Pods-SwiftAssignment-SwiftAssignmentUITests-frameworks-${CONFIGURATION}-output-files.xcfilelist",
			);
			runOnlyForDeploymentPostprocessing = 0;
			shellPath = /bin/sh;
			shellScript = "\"${PODS_ROOT}/Target Support Files/Pods-SwiftAssignment-SwiftAssignmentUITests/Pods-SwiftAssignment-SwiftAssignmentUITests-frameworks.sh\"\n";
			showEnvVarsInLog = 0;
		};
/* End PBXShellScriptBuildPhase section */

/* Begin PBXSourcesBuildPhase section */
		52C47CA92664E920009E79BF /* Sources */ = {
			isa = PBXSourcesBuildPhase;
			buildActionMask = 2147483647;
			files = (
				52C47D1226650C21009E79BF /* APIHandler.swift in Sources */,
				52C47D0026650575009E79BF /* DataViewModel.swift in Sources */,
				52C47D052665067A009E79BF /* MyCustomCell.swift in Sources */,
				52C47CF826650507009E79BF /* ViewExtension.swift in Sources */,
				52C47CB52664E920009E79BF /* ViewController.swift in Sources */,
				52C47CB12664E920009E79BF /* AppDelegate.swift in Sources */,
				52C47D0D26650710009E79BF /* DataModel.swift in Sources */,
				52C47D1C2665354B009E79BF /* ImageExtension.swift in Sources */,
				52C47D1726650C60009E79BF /* Constants.swift in Sources */,
			);
			runOnlyForDeploymentPostprocessing = 0;
		};
		52C47CBF2664E922009E79BF /* Sources */ = {
			isa = PBXSourcesBuildPhase;
			buildActionMask = 2147483647;
			files = (
				52C47CC82664E922009E79BF /* SwiftAssignmentTests.swift in Sources */,
			);
			runOnlyForDeploymentPostprocessing = 0;
		};
		52C47CCA2664E922009E79BF /* Sources */ = {
			isa = PBXSourcesBuildPhase;
			buildActionMask = 2147483647;
			files = (
				52C47CD32664E922009E79BF /* SwiftAssignmentUITests.swift in Sources */,
			);
			runOnlyForDeploymentPostprocessing = 0;
		};
/* End PBXSourcesBuildPhase section */

/* Begin PBXTargetDependency section */
		52C47CC52664E922009E79BF /* PBXTargetDependency */ = {
			isa = PBXTargetDependency;
			target = 52C47CAC2664E920009E79BF /* SwiftAssignment */;
			targetProxy = 52C47CC42664E922009E79BF /* PBXContainerItemProxy */;
		};
		52C47CD02664E922009E79BF /* PBXTargetDependency */ = {
			isa = PBXTargetDependency;
			target = 52C47CAC2664E920009E79BF /* SwiftAssignment */;
			targetProxy = 52C47CCF2664E922009E79BF /* PBXContainerItemProxy */;
		};
/* End PBXTargetDependency section */

/* Begin PBXVariantGroup section */
		52C47CBB2664E921009E79BF /* LaunchScreen.storyboard */ = {
			isa = PBXVariantGroup;
			children = (
				52C47CBC2664E921009E79BF /* Base */,
			);
			name = LaunchScreen.storyboard;
			sourceTree = "<group>";
		};
/* End PBXVariantGroup section */

/* Begin XCBuildConfiguration section */
		52C47CD52664E922009E79BF /* Debug */ = {
			isa = XCBuildConfiguration;
			buildSettings = {
				ALWAYS_SEARCH_USER_PATHS = NO;
				CLANG_ANALYZER_NONNULL = YES;
				CLANG_ANALYZER_NUMBER_OBJECT_CONVERSION = YES_AGGRESSIVE;
				CLANG_CXX_LANGUAGE_STANDARD = "gnu++14";
				CLANG_CXX_LIBRARY = "libc++";
				CLANG_ENABLE_MODULES = YES;
				CLANG_ENABLE_OBJC_ARC = YES;
				CLANG_ENABLE_OBJC_WEAK = YES;
				CLANG_WARN_BLOCK_CAPTURE_AUTORELEASING = YES;
				CLANG_WARN_BOOL_CONVERSION = YES;
				CLANG_WARN_COMMA = YES;
				CLANG_WARN_CONSTANT_CONVERSION = YES;
				CLANG_WARN_DEPRECATED_OBJC_IMPLEMENTATIONS = YES;
				CLANG_WARN_DIRECT_OBJC_ISA_USAGE = YES_ERROR;
				CLANG_WARN_DOCUMENTATION_COMMENTS = YES;
				CLANG_WARN_EMPTY_BODY = YES;
				CLANG_WARN_ENUM_CONVERSION = YES;
				CLANG_WARN_INFINITE_RECURSION = YES;
				CLANG_WARN_INT_CONVERSION = YES;
				CLANG_WARN_NON_LITERAL_NULL_CONVERSION = YES;
				CLANG_WARN_OBJC_IMPLICIT_RETAIN_SELF = YES;
				CLANG_WARN_OBJC_LITERAL_CONVERSION = YES;
				CLANG_WARN_OBJC_ROOT_CLASS = YES_ERROR;
				CLANG_WARN_QUOTED_INCLUDE_IN_FRAMEWORK_HEADER = YES;
				CLANG_WARN_RANGE_LOOP_ANALYSIS = YES;
				CLANG_WARN_STRICT_PROTOTYPES = YES;
				CLANG_WARN_SUSPICIOUS_MOVE = YES;
				CLANG_WARN_UNGUARDED_AVAILABILITY = YES_AGGRESSIVE;
				CLANG_WARN_UNREACHABLE_CODE = YES;
				CLANG_WARN__DUPLICATE_METHOD_MATCH = YES;
				COPY_PHASE_STRIP = NO;
				DEBUG_INFORMATION_FORMAT = dwarf;
				ENABLE_STRICT_OBJC_MSGSEND = YES;
				ENABLE_TESTABILITY = YES;
				GCC_C_LANGUAGE_STANDARD = gnu11;
				GCC_DYNAMIC_NO_PIC = NO;
				GCC_NO_COMMON_BLOCKS = YES;
				GCC_OPTIMIZATION_LEVEL = 0;
				GCC_PREPROCESSOR_DEFINITIONS = (
					"DEBUG=1",
					"$(inherited)",
				);
				GCC_WARN_64_TO_32_BIT_CONVERSION = YES;
				GCC_WARN_ABOUT_RETURN_TYPE = YES_ERROR;
				GCC_WARN_UNDECLARED_SELECTOR = YES;
				GCC_WARN_UNINITIALIZED_AUTOS = YES_AGGRESSIVE;
				GCC_WARN_UNUSED_FUNCTION = YES;
				GCC_WARN_UNUSED_VARIABLE = YES;
				IPHONEOS_DEPLOYMENT_TARGET = 12.1;
				MTL_ENABLE_DEBUG_INFO = INCLUDE_SOURCE;
				MTL_FAST_MATH = YES;
				ONLY_ACTIVE_ARCH = YES;
				SDKROOT = iphoneos;
				SWIFT_ACTIVE_COMPILATION_CONDITIONS = DEBUG;
				SWIFT_OPTIMIZATION_LEVEL = "-Onone";
			};
			name = Debug;
		};
		52C47CD62664E922009E79BF /* Release */ = {
			isa = XCBuildConfiguration;
			buildSettings = {
				ALWAYS_SEARCH_USER_PATHS = NO;
				CLANG_ANALYZER_NONNULL = YES;
				CLANG_ANALYZER_NUMBER_OBJECT_CONVERSION = YES_AGGRESSIVE;
				CLANG_CXX_LANGUAGE_STANDARD = "gnu++14";
				CLANG_CXX_LIBRARY = "libc++";
				CLANG_ENABLE_MODULES = YES;
				CLANG_ENABLE_OBJC_ARC = YES;
				CLANG_ENABLE_OBJC_WEAK = YES;
				CLANG_WARN_BLOCK_CAPTURE_AUTORELEASING = YES;
				CLANG_WARN_BOOL_CONVERSION = YES;
				CLANG_WARN_COMMA = YES;
				CLANG_WARN_CONSTANT_CONVERSION = YES;
				CLANG_WARN_DEPRECATED_OBJC_IMPLEMENTATIONS = YES;
				CLANG_WARN_DIRECT_OBJC_ISA_USAGE = YES_ERROR;
				CLANG_WARN_DOCUMENTATION_COMMENTS = YES;
				CLANG_WARN_EMPTY_BODY = YES;
				CLANG_WARN_ENUM_CONVERSION = YES;
				CLANG_WARN_INFINITE_RECURSION = YES;
				CLANG_WARN_INT_CONVERSION = YES;
				CLANG_WARN_NON_LITERAL_NULL_CONVERSION = YES;
				CLANG_WARN_OBJC_IMPLICIT_RETAIN_SELF = YES;
				CLANG_WARN_OBJC_LITERAL_CONVERSION = YES;
				CLANG_WARN_OBJC_ROOT_CLASS = YES_ERROR;
				CLANG_WARN_QUOTED_INCLUDE_IN_FRAMEWORK_HEADER = YES;
				CLANG_WARN_RANGE_LOOP_ANALYSIS = YES;
				CLANG_WARN_STRICT_PROTOTYPES = YES;
				CLANG_WARN_SUSPICIOUS_MOVE = YES;
				CLANG_WARN_UNGUARDED_AVAILABILITY = YES_AGGRESSIVE;
				CLANG_WARN_UNREACHABLE_CODE = YES;
				CLANG_WARN__DUPLICATE_METHOD_MATCH = YES;
				COPY_PHASE_STRIP = NO;
				DEBUG_INFORMATION_FORMAT = "dwarf-with-dsym";
				ENABLE_NS_ASSERTIONS = NO;
				ENABLE_STRICT_OBJC_MSGSEND = YES;
				GCC_C_LANGUAGE_STANDARD = gnu11;
				GCC_NO_COMMON_BLOCKS = YES;
				GCC_WARN_64_TO_32_BIT_CONVERSION = YES;
				GCC_WARN_ABOUT_RETURN_TYPE = YES_ERROR;
				GCC_WARN_UNDECLARED_SELECTOR = YES;
				GCC_WARN_UNINITIALIZED_AUTOS = YES_AGGRESSIVE;
				GCC_WARN_UNUSED_FUNCTION = YES;
				GCC_WARN_UNUSED_VARIABLE = YES;
				IPHONEOS_DEPLOYMENT_TARGET = 12.1;
				MTL_ENABLE_DEBUG_INFO = NO;
				MTL_FAST_MATH = YES;
				SDKROOT = iphoneos;
				SWIFT_COMPILATION_MODE = wholemodule;
				SWIFT_OPTIMIZATION_LEVEL = "-O";
				VALIDATE_PRODUCT = YES;
			};
			name = Release;
		};
		52C47CD82664E922009E79BF /* Debug */ = {
			isa = XCBuildConfiguration;
			baseConfigurationReference = 344D1786A7DD5901945F2605 /* Pods-SwiftAssignment.debug.xcconfig */;
			buildSettings = {
				ASSETCATALOG_COMPILER_APPICON_NAME = AppIcon;
				ASSETCATALOG_COMPILER_GLOBAL_ACCENT_COLOR_NAME = AccentColor;
				CODE_SIGN_STYLE = Automatic;
				INFOPLIST_FILE = SwiftAssignment/Info.plist;
				IPHONEOS_DEPLOYMENT_TARGET = 12.1;
				LD_RUNPATH_SEARCH_PATHS = (
					"$(inherited)",
					"@executable_path/Frameworks",
				);
				PRODUCT_BUNDLE_IDENTIFIER = com.Cognizant.iOS.SwiftAssignment;
				PRODUCT_NAME = "$(TARGET_NAME)";
				SWIFT_VERSION = 5.0;
				TARGETED_DEVICE_FAMILY = "1,2";
			};
			name = Debug;
		};
		52C47CD92664E922009E79BF /* Release */ = {
			isa = XCBuildConfiguration;
			baseConfigurationReference = 65EDEF3EFF0986E340CFDA97 /* Pods-SwiftAssignment.release.xcconfig */;
			buildSettings = {
				ASSETCATALOG_COMPILER_APPICON_NAME = AppIcon;
				ASSETCATALOG_COMPILER_GLOBAL_ACCENT_COLOR_NAME = AccentColor;
				CODE_SIGN_STYLE = Automatic;
				INFOPLIST_FILE = SwiftAssignment/Info.plist;
				IPHONEOS_DEPLOYMENT_TARGET = 12.1;
				LD_RUNPATH_SEARCH_PATHS = (
					"$(inherited)",
					"@executable_path/Frameworks",
				);
				PRODUCT_BUNDLE_IDENTIFIER = com.Cognizant.iOS.SwiftAssignment;
				PRODUCT_NAME = "$(TARGET_NAME)";
				SWIFT_VERSION = 5.0;
				TARGETED_DEVICE_FAMILY = "1,2";
			};
			name = Release;
		};
		52C47CDB2664E922009E79BF /* Debug */ = {
			isa = XCBuildConfiguration;
			baseConfigurationReference = B0DE39934F00781B8C7CD388 /* Pods-SwiftAssignmentTests.debug.xcconfig */;
			buildSettings = {
				ALWAYS_EMBED_SWIFT_STANDARD_LIBRARIES = YES;
				BUNDLE_LOADER = "$(TEST_HOST)";
				CODE_SIGN_STYLE = Automatic;
				INFOPLIST_FILE = SwiftAssignmentTests/Info.plist;
				IPHONEOS_DEPLOYMENT_TARGET = 14.4;
				LD_RUNPATH_SEARCH_PATHS = (
					"$(inherited)",
					"@executable_path/Frameworks",
					"@loader_path/Frameworks",
				);
				PRODUCT_BUNDLE_IDENTIFIER = com.Cognizant.iOS.SwiftAssignmentTests;
				PRODUCT_NAME = "$(TARGET_NAME)";
				SWIFT_VERSION = 5.0;
				TARGETED_DEVICE_FAMILY = "1,2";
				TEST_HOST = "$(BUILT_PRODUCTS_DIR)/SwiftAssignment.app/SwiftAssignment";
			};
			name = Debug;
		};
		52C47CDC2664E922009E79BF /* Release */ = {
			isa = XCBuildConfiguration;
			baseConfigurationReference = B026FE9A22F82FD4CB0F6D06 /* Pods-SwiftAssignmentTests.release.xcconfig */;
			buildSettings = {
				ALWAYS_EMBED_SWIFT_STANDARD_LIBRARIES = YES;
				BUNDLE_LOADER = "$(TEST_HOST)";
				CODE_SIGN_STYLE = Automatic;
				INFOPLIST_FILE = SwiftAssignmentTests/Info.plist;
				IPHONEOS_DEPLOYMENT_TARGET = 14.4;
				LD_RUNPATH_SEARCH_PATHS = (
					"$(inherited)",
					"@executable_path/Frameworks",
					"@loader_path/Frameworks",
				);
				PRODUCT_BUNDLE_IDENTIFIER = com.Cognizant.iOS.SwiftAssignmentTests;
				PRODUCT_NAME = "$(TARGET_NAME)";
				SWIFT_VERSION = 5.0;
				TARGETED_DEVICE_FAMILY = "1,2";
				TEST_HOST = "$(BUILT_PRODUCTS_DIR)/SwiftAssignment.app/SwiftAssignment";
			};
			name = Release;
		};
		52C47CDE2664E922009E79BF /* Debug */ = {
			isa = XCBuildConfiguration;
			baseConfigurationReference = 8F1EF674032D7DA8507B3571 /* Pods-SwiftAssignment-SwiftAssignmentUITests.debug.xcconfig */;
			buildSettings = {
				ALWAYS_EMBED_SWIFT_STANDARD_LIBRARIES = YES;
				CODE_SIGN_STYLE = Automatic;
				INFOPLIST_FILE = SwiftAssignmentUITests/Info.plist;
				LD_RUNPATH_SEARCH_PATHS = (
					"$(inherited)",
					"@executable_path/Frameworks",
					"@loader_path/Frameworks",
				);
				PRODUCT_BUNDLE_IDENTIFIER = com.Cognizant.iOS.SwiftAssignmentUITests;
				PRODUCT_NAME = "$(TARGET_NAME)";
				SWIFT_VERSION = 5.0;
				TARGETED_DEVICE_FAMILY = "1,2";
				TEST_TARGET_NAME = SwiftAssignment;
			};
			name = Debug;
		};
		52C47CDF2664E922009E79BF /* Release */ = {
			isa = XCBuildConfiguration;
			baseConfigurationReference = DC05536C51246055FCA0B9B4 /* Pods-SwiftAssignment-SwiftAssignmentUITests.release.xcconfig */;
			buildSettings = {
				ALWAYS_EMBED_SWIFT_STANDARD_LIBRARIES = YES;
				CODE_SIGN_STYLE = Automatic;
				INFOPLIST_FILE = SwiftAssignmentUITests/Info.plist;
				LD_RUNPATH_SEARCH_PATHS = (
					"$(inherited)",
					"@executable_path/Frameworks",
					"@loader_path/Frameworks",
				);
				PRODUCT_BUNDLE_IDENTIFIER = com.Cognizant.iOS.SwiftAssignmentUITests;
				PRODUCT_NAME = "$(TARGET_NAME)";
				SWIFT_VERSION = 5.0;
				TARGETED_DEVICE_FAMILY = "1,2";
				TEST_TARGET_NAME = SwiftAssignment;
			};
			name = Release;
		};
/* End XCBuildConfiguration section */

/* Begin XCConfigurationList section */
		52C47CA82664E920009E79BF /* Build configuration list for PBXProject "SwiftAssignment" */ = {
			isa = XCConfigurationList;
			buildConfigurations = (
				52C47CD52664E922009E79BF /* Debug */,
				52C47CD62664E922009E79BF /* Release */,
			);
			defaultConfigurationIsVisible = 0;
			defaultConfigurationName = Release;
		};
		52C47CD72664E922009E79BF /* Build configuration list for PBXNativeTarget "SwiftAssignment" */ = {
			isa = XCConfigurationList;
			buildConfigurations = (
				52C47CD82664E922009E79BF /* Debug */,
				52C47CD92664E922009E79BF /* Release */,
			);
			defaultConfigurationIsVisible = 0;
			defaultConfigurationName = Release;
		};
		52C47CDA2664E922009E79BF /* Build configuration list for PBXNativeTarget "SwiftAssignmentTests" */ = {
			isa = XCConfigurationList;
			buildConfigurations = (
				52C47CDB2664E922009E79BF /* Debug */,
				52C47CDC2664E922009E79BF /* Release */,
			);
			defaultConfigurationIsVisible = 0;
			defaultConfigurationName = Release;
		};
		52C47CDD2664E922009E79BF /* Build configuration list for PBXNativeTarget "SwiftAssignmentUITests" */ = {
			isa = XCConfigurationList;
			buildConfigurations = (
				52C47CDE2664E922009E79BF /* Debug */,
				52C47CDF2664E922009E79BF /* Release */,
			);
			defaultConfigurationIsVisible = 0;
			defaultConfigurationName = Release;
		};
/* End XCConfigurationList section */
	};
	rootObject = 52C47CA52664E920009E79BF /* Project object */;
}
